// !$*UTF8*$!
{
	archiveVersion = 1;
	classes = {
	};
	objectVersion = 46;
	objects = {

/* Begin PBXBuildFile section */
		3D0CF7BE0C48D45300C9667A /* AppDelegate.m in Sources */ = {isa = PBXBuildFile; fileRef = 3D0CF7BD0C48D45300C9667A /* AppDelegate.m */; };
		3D0CF7C70C48D46C00C9667A /* UKSoundFileRecorder.m in Sources */ = {isa = PBXBuildFile; fileRef = 3D0CF7C60C48D46C00C9667A /* UKSoundFileRecorder.m */; };
		3D0CF8C10C48ED2700C9667A /* UKAudioStreamBasicDescription.m in Sources */ = {isa = PBXBuildFile; fileRef = 3D0CF8C00C48ED2700C9667A /* UKAudioStreamBasicDescription.m */; };
		3D59F60D0C5B57EF00AAEBE2 /* AudioToolbox.framework in Frameworks */ = {isa = PBXBuildFile; fileRef = 3D59F60C0C5B57EF00AAEBE2 /* AudioToolbox.framework */; };
		3D59F6160C5B580B00AAEBE2 /* CoreAudio.framework in Frameworks */ = {isa = PBXBuildFile; fileRef = 3D59F5FC0C5B57A500AAEBE2 /* CoreAudio.framework */; };
		3D59F61A0C5B581800AAEBE2 /* AudioUnit.framework in Frameworks */ = {isa = PBXBuildFile; fileRef = 3D59F6070C5B57D400AAEBE2 /* AudioUnit.framework */; };
		5524E0F61AE0791600945DD5 /* MainMenu.xib in Resources */ = {isa = PBXBuildFile; fileRef = 5524E0F41AE0791600945DD5 /* MainMenu.xib */; };
		55D281CC1AE05F8C008EC63A /* AppDelegate.swift in Sources */ = {isa = PBXBuildFile; fileRef = 55D281CB1AE05F8C008EC63A /* AppDelegate.swift */; };
		55D281CE1AE05F8C008EC63A /* Images.xcassets in Resources */ = {isa = PBXBuildFile; fileRef = 55D281CD1AE05F8C008EC63A /* Images.xcassets */; };
		55D281D11AE05F8C008EC63A /* MainMenu.xib in Resources */ = {isa = PBXBuildFile; fileRef = 55D281CF1AE05F8C008EC63A /* MainMenu.xib */; };
		55D281DD1AE05F8C008EC63A /* UKSwiftSoundFileRecorderTests.swift in Sources */ = {isa = PBXBuildFile; fileRef = 55D281DC1AE05F8C008EC63A /* UKSwiftSoundFileRecorderTests.swift */; };
		55D281E41AE05F99008EC63A /* UKSoundFileRecorder.m in Sources */ = {isa = PBXBuildFile; fileRef = 3D0CF7C60C48D46C00C9667A /* UKSoundFileRecorder.m */; };
		55D281E51AE05FA0008EC63A /* UKAudioStreamBasicDescription.m in Sources */ = {isa = PBXBuildFile; fileRef = 3D0CF8C00C48ED2700C9667A /* UKAudioStreamBasicDescription.m */; };
		8D11072B0486CEB800E47090 /* InfoPlist.strings in Resources */ = {isa = PBXBuildFile; fileRef = 089C165CFE840E0CC02AAC07 /* InfoPlist.strings */; };
		8D11072D0486CEB800E47090 /* main.m in Sources */ = {isa = PBXBuildFile; fileRef = 29B97316FDCFA39411CA2CEA /* main.m */; settings = {ATTRIBUTES = (); }; };
		8D11072F0486CEB800E47090 /* Cocoa.framework in Frameworks */ = {isa = PBXBuildFile; fileRef = 1058C7A1FEA54F0111CA2CBB /* Cocoa.framework */; };
/* End PBXBuildFile section */

/* Begin PBXContainerItemProxy section */
		55D281D71AE05F8C008EC63A /* PBXContainerItemProxy */ = {
			isa = PBXContainerItemProxy;
			containerPortal = 29B97313FDCFA39411CA2CEA /* Project object */;
			proxyType = 1;
			remoteGlobalIDString = 55D281C61AE05F8C008EC63A;
			remoteInfo = UKSwiftSoundFileRecorder;
		};
/* End PBXContainerItemProxy section */

/* Begin PBXFileReference section */
		089C165DFE840E0CC02AAC07 /* English */ = {isa = PBXFileReference; fileEncoding = 4; lastKnownFileType = text.plist.strings; name = English; path = English.lproj/InfoPlist.strings; sourceTree = "<group>"; };
		1058C7A1FEA54F0111CA2CBB /* Cocoa.framework */ = {isa = PBXFileReference; lastKnownFileType = wrapper.framework; name = Cocoa.framework; path = /System/Library/Frameworks/Cocoa.framework; sourceTree = "<absolute>"; };
		13E42FB307B3F0F600E4EEF1 /* CoreData.framework */ = {isa = PBXFileReference; lastKnownFileType = wrapper.framework; name = CoreData.framework; path = /System/Library/Frameworks/CoreData.framework; sourceTree = "<absolute>"; };
		29B97316FDCFA39411CA2CEA /* main.m */ = {isa = PBXFileReference; fileEncoding = 4; lastKnownFileType = sourcecode.c.objc; path = main.m; sourceTree = "<group>"; };
		29B97324FDCFA39411CA2CEA /* AppKit.framework */ = {isa = PBXFileReference; lastKnownFileType = wrapper.framework; name = AppKit.framework; path = /System/Library/Frameworks/AppKit.framework; sourceTree = "<absolute>"; };
		29B97325FDCFA39411CA2CEA /* Foundation.framework */ = {isa = PBXFileReference; lastKnownFileType = wrapper.framework; name = Foundation.framework; path = /System/Library/Frameworks/Foundation.framework; sourceTree = "<absolute>"; };
		32CA4F630368D1EE00C91783 /* UKSoundRecorder_Prefix.pch */ = {isa = PBXFileReference; fileEncoding = 4; lastKnownFileType = sourcecode.c.h; path = UKSoundRecorder_Prefix.pch; sourceTree = "<group>"; };
		3D0CF7BC0C48D45300C9667A /* AppDelegate.h */ = {isa = PBXFileReference; fileEncoding = 4; lastKnownFileType = sourcecode.c.h; path = AppDelegate.h; sourceTree = "<group>"; };
		3D0CF7BD0C48D45300C9667A /* AppDelegate.m */ = {isa = PBXFileReference; fileEncoding = 4; lastKnownFileType = sourcecode.c.objc; path = AppDelegate.m; sourceTree = "<group>"; };
		3D0CF7C50C48D46C00C9667A /* UKSoundFileRecorder.h */ = {isa = PBXFileReference; fileEncoding = 4; lastKnownFileType = sourcecode.c.h; path = UKSoundFileRecorder.h; sourceTree = "<group>"; };
		3D0CF7C60C48D46C00C9667A /* UKSoundFileRecorder.m */ = {isa = PBXFileReference; fileEncoding = 4; lastKnownFileType = sourcecode.c.objc; path = UKSoundFileRecorder.m; sourceTree = "<group>"; };
		3D0CF8BF0C48ED2700C9667A /* UKAudioStreamBasicDescription.h */ = {isa = PBXFileReference; fileEncoding = 4; lastKnownFileType = sourcecode.c.h; path = UKAudioStreamBasicDescription.h; sourceTree = "<group>"; };
		3D0CF8C00C48ED2700C9667A /* UKAudioStreamBasicDescription.m */ = {isa = PBXFileReference; fileEncoding = 4; lastKnownFileType = sourcecode.c.objc; path = UKAudioStreamBasicDescription.m; sourceTree = "<group>"; };
		3D59F5FC0C5B57A500AAEBE2 /* CoreAudio.framework */ = {isa = PBXFileReference; lastKnownFileType = wrapper.framework; name = CoreAudio.framework; path = /System/Library/Frameworks/CoreAudio.framework; sourceTree = "<absolute>"; };
		3D59F6070C5B57D400AAEBE2 /* AudioUnit.framework */ = {isa = PBXFileReference; lastKnownFileType = wrapper.framework; name = AudioUnit.framework; path = /System/Library/Frameworks/AudioUnit.framework; sourceTree = "<absolute>"; };
		3D59F60C0C5B57EF00AAEBE2 /* AudioToolbox.framework */ = {isa = PBXFileReference; lastKnownFileType = wrapper.framework; name = AudioToolbox.framework; path = /System/Library/Frameworks/AudioToolbox.framework; sourceTree = "<absolute>"; };
		5524E0F51AE0791600945DD5 /* English */ = {isa = PBXFileReference; lastKnownFileType = file.xib; name = English; path = English.lproj/MainMenu.xib; sourceTree = "<group>"; };
		55D281C71AE05F8C008EC63A /* UKSwiftSoundFileRecorder.app */ = {isa = PBXFileReference; explicitFileType = wrapper.application; includeInIndex = 0; path = UKSwiftSoundFileRecorder.app; sourceTree = BUILT_PRODUCTS_DIR; };
		55D281CA1AE05F8C008EC63A /* Info.plist */ = {isa = PBXFileReference; lastKnownFileType = text.plist.xml; path = Info.plist; sourceTree = "<group>"; };
		55D281CB1AE05F8C008EC63A /* AppDelegate.swift */ = {isa = PBXFileReference; lastKnownFileType = sourcecode.swift; path = AppDelegate.swift; sourceTree = "<group>"; };
		55D281CD1AE05F8C008EC63A /* Images.xcassets */ = {isa = PBXFileReference; lastKnownFileType = folder.assetcatalog; path = Images.xcassets; sourceTree = "<group>"; };
		55D281D61AE05F8C008EC63A /* UKSwiftSoundFileRecorderTests.xctest */ = {isa = PBXFileReference; explicitFileType = wrapper.cfbundle; includeInIndex = 0; path = UKSwiftSoundFileRecorderTests.xctest; sourceTree = BUILT_PRODUCTS_DIR; };
		55D281DB1AE05F8C008EC63A /* Info.plist */ = {isa = PBXFileReference; lastKnownFileType = text.plist.xml; path = Info.plist; sourceTree = "<group>"; };
		55D281DC1AE05F8C008EC63A /* UKSwiftSoundFileRecorderTests.swift */ = {isa = PBXFileReference; lastKnownFileType = sourcecode.swift; path = UKSwiftSoundFileRecorderTests.swift; sourceTree = "<group>"; };
		55D281E91AE05FF3008EC63A /* UKSwiftSoundFileRecorder-Bridge.h */ = {isa = PBXFileReference; lastKnownFileType = sourcecode.c.h; path = "UKSwiftSoundFileRecorder-Bridge.h"; sourceTree = "<group>"; };
		55D281EA1AE06597008EC63A /* en */ = {isa = PBXFileReference; lastKnownFileType = file.xib; name = en; path = en.lproj/MainMenu.xib; sourceTree = "<group>"; };
		8D1107310486CEB800E47090 /* Info.plist */ = {isa = PBXFileReference; fileEncoding = 4; lastKnownFileType = text.plist; path = Info.plist; sourceTree = "<group>"; };
		8D1107320486CEB800E47090 /* UKSoundRecorder.app */ = {isa = PBXFileReference; explicitFileType = wrapper.application; includeInIndex = 0; path = UKSoundRecorder.app; sourceTree = BUILT_PRODUCTS_DIR; };
/* End PBXFileReference section */

/* Begin PBXFrameworksBuildPhase section */
		55D281C41AE05F8C008EC63A /* Frameworks */ = {
			isa = PBXFrameworksBuildPhase;
			buildActionMask = 2147483647;
			files = (
			);
			runOnlyForDeploymentPostprocessing = 0;
		};
		55D281D31AE05F8C008EC63A /* Frameworks */ = {
			isa = PBXFrameworksBuildPhase;
			buildActionMask = 2147483647;
			files = (
			);
			runOnlyForDeploymentPostprocessing = 0;
		};
		8D11072E0486CEB800E47090 /* Frameworks */ = {
			isa = PBXFrameworksBuildPhase;
			buildActionMask = 2147483647;
			files = (
				8D11072F0486CEB800E47090 /* Cocoa.framework in Frameworks */,
				3D59F60D0C5B57EF00AAEBE2 /* AudioToolbox.framework in Frameworks */,
				3D59F6160C5B580B00AAEBE2 /* CoreAudio.framework in Frameworks */,
				3D59F61A0C5B581800AAEBE2 /* AudioUnit.framework in Frameworks */,
			);
			runOnlyForDeploymentPostprocessing = 0;
		};
/* End PBXFrameworksBuildPhase section */

/* Begin PBXGroup section */
		080E96DDFE201D6D7F000001 /* Classes */ = {
			isa = PBXGroup;
			children = (
				3D0CF7BC0C48D45300C9667A /* AppDelegate.h */,
				3D0CF7BD0C48D45300C9667A /* AppDelegate.m */,
				3D0CF7C50C48D46C00C9667A /* UKSoundFileRecorder.h */,
				3D0CF7C60C48D46C00C9667A /* UKSoundFileRecorder.m */,
				3D0CF8BF0C48ED2700C9667A /* UKAudioStreamBasicDescription.h */,
				3D0CF8C00C48ED2700C9667A /* UKAudioStreamBasicDescription.m */,
			);
			name = Classes;
			sourceTree = "<group>";
		};
		1058C7A0FEA54F0111CA2CBB /* Linked Frameworks */ = {
			isa = PBXGroup;
			children = (
				1058C7A1FEA54F0111CA2CBB /* Cocoa.framework */,
				3D59F5FC0C5B57A500AAEBE2 /* CoreAudio.framework */,
				3D59F6070C5B57D400AAEBE2 /* AudioUnit.framework */,
				3D59F60C0C5B57EF00AAEBE2 /* AudioToolbox.framework */,
			);
			name = "Linked Frameworks";
			sourceTree = "<group>";
		};
		1058C7A2FEA54F0111CA2CBB /* Other Frameworks */ = {
			isa = PBXGroup;
			children = (
				29B97324FDCFA39411CA2CEA /* AppKit.framework */,
				13E42FB307B3F0F600E4EEF1 /* CoreData.framework */,
				29B97325FDCFA39411CA2CEA /* Foundation.framework */,
			);
			name = "Other Frameworks";
			sourceTree = "<group>";
		};
		19C28FACFE9D520D11CA2CBB /* Products */ = {
			isa = PBXGroup;
			children = (
				8D1107320486CEB800E47090 /* UKSoundRecorder.app */,
				55D281C71AE05F8C008EC63A /* UKSwiftSoundFileRecorder.app */,
				55D281D61AE05F8C008EC63A /* UKSwiftSoundFileRecorderTests.xctest */,
			);
			name = Products;
			sourceTree = "<group>";
		};
		29B97314FDCFA39411CA2CEA /* UKSoundRecorder */ = {
			isa = PBXGroup;
			children = (
				080E96DDFE201D6D7F000001 /* Classes */,
				29B97315FDCFA39411CA2CEA /* Other Sources */,
				29B97317FDCFA39411CA2CEA /* Resources */,
				55D281C81AE05F8C008EC63A /* UKSwiftSoundFileRecorder */,
				55D281D91AE05F8C008EC63A /* UKSwiftSoundFileRecorderTests */,
				29B97323FDCFA39411CA2CEA /* Frameworks */,
				19C28FACFE9D520D11CA2CBB /* Products */,
			);
			name = UKSoundRecorder;
			sourceTree = "<group>";
		};
		29B97315FDCFA39411CA2CEA /* Other Sources */ = {
			isa = PBXGroup;
			children = (
				32CA4F630368D1EE00C91783 /* UKSoundRecorder_Prefix.pch */,
				29B97316FDCFA39411CA2CEA /* main.m */,
			);
			name = "Other Sources";
			sourceTree = "<group>";
		};
		29B97317FDCFA39411CA2CEA /* Resources */ = {
			isa = PBXGroup;
			children = (
				8D1107310486CEB800E47090 /* Info.plist */,
				089C165CFE840E0CC02AAC07 /* InfoPlist.strings */,
				5524E0F41AE0791600945DD5 /* MainMenu.xib */,
			);
			name = Resources;
			sourceTree = "<group>";
		};
		29B97323FDCFA39411CA2CEA /* Frameworks */ = {
			isa = PBXGroup;
			children = (
				1058C7A0FEA54F0111CA2CBB /* Linked Frameworks */,
				1058C7A2FEA54F0111CA2CBB /* Other Frameworks */,
			);
			name = Frameworks;
			sourceTree = "<group>";
		};
		55D281C81AE05F8C008EC63A /* UKSwiftSoundFileRecorder */ = {
			isa = PBXGroup;
			children = (
				55D281E91AE05FF3008EC63A /* UKSwiftSoundFileRecorder-Bridge.h */,
				55D281CB1AE05F8C008EC63A /* AppDelegate.swift */,
				55D281CD1AE05F8C008EC63A /* Images.xcassets */,
				55D281CF1AE05F8C008EC63A /* MainMenu.xib */,
				55D281C91AE05F8C008EC63A /* Supporting Files */,
			);
			path = UKSwiftSoundFileRecorder;
			sourceTree = "<group>";
		};
		55D281C91AE05F8C008EC63A /* Supporting Files */ = {
			isa = PBXGroup;
			children = (
				55D281CA1AE05F8C008EC63A /* Info.plist */,
			);
			name = "Supporting Files";
			sourceTree = "<group>";
		};
		55D281D91AE05F8C008EC63A /* UKSwiftSoundFileRecorderTests */ = {
			isa = PBXGroup;
			children = (
				55D281DC1AE05F8C008EC63A /* UKSwiftSoundFileRecorderTests.swift */,
				55D281DA1AE05F8C008EC63A /* Supporting Files */,
			);
			path = UKSwiftSoundFileRecorderTests;
			sourceTree = "<group>";
		};
		55D281DA1AE05F8C008EC63A /* Supporting Files */ = {
			isa = PBXGroup;
			children = (
				55D281DB1AE05F8C008EC63A /* Info.plist */,
			);
			name = "Supporting Files";
			sourceTree = "<group>";
		};
/* End PBXGroup section */

/* Begin PBXNativeTarget section */
		55D281C61AE05F8C008EC63A /* UKSwiftSoundFileRecorder */ = {
			isa = PBXNativeTarget;
			buildConfigurationList = 55D281DE1AE05F8C008EC63A /* Build configuration list for PBXNativeTarget "UKSwiftSoundFileRecorder" */;
			buildPhases = (
				55D281C31AE05F8C008EC63A /* Sources */,
				55D281C41AE05F8C008EC63A /* Frameworks */,
				55D281C51AE05F8C008EC63A /* Resources */,
			);
			buildRules = (
			);
			dependencies = (
			);
			name = UKSwiftSoundFileRecorder;
			productName = UKSwiftSoundFileRecorder;
			productReference = 55D281C71AE05F8C008EC63A /* UKSwiftSoundFileRecorder.app */;
			productType = "com.apple.product-type.application";
		};
		55D281D51AE05F8C008EC63A /* UKSwiftSoundFileRecorderTests */ = {
			isa = PBXNativeTarget;
			buildConfigurationList = 55D281E11AE05F8C008EC63A /* Build configuration list for PBXNativeTarget "UKSwiftSoundFileRecorderTests" */;
			buildPhases = (
				55D281D21AE05F8C008EC63A /* Sources */,
				55D281D31AE05F8C008EC63A /* Frameworks */,
				55D281D41AE05F8C008EC63A /* Resources */,
			);
			buildRules = (
			);
			dependencies = (
				55D281D81AE05F8C008EC63A /* PBXTargetDependency */,
			);
			name = UKSwiftSoundFileRecorderTests;
			productName = UKSwiftSoundFileRecorderTests;
			productReference = 55D281D61AE05F8C008EC63A /* UKSwiftSoundFileRecorderTests.xctest */;
			productType = "com.apple.product-type.bundle.unit-test";
		};
		8D1107260486CEB800E47090 /* UKSoundRecorder */ = {
			isa = PBXNativeTarget;
			buildConfigurationList = C01FCF4A08A954540054247B /* Build configuration list for PBXNativeTarget "UKSoundRecorder" */;
			buildPhases = (
				8D1107290486CEB800E47090 /* Resources */,
				8D11072C0486CEB800E47090 /* Sources */,
				8D11072E0486CEB800E47090 /* Frameworks */,
			);
			buildRules = (
			);
			dependencies = (
			);
			name = UKSoundRecorder;
			productInstallPath = "$(HOME)/Applications";
			productName = UKSoundRecorder;
			productReference = 8D1107320486CEB800E47090 /* UKSoundRecorder.app */;
			productType = "com.apple.product-type.application";
		};
/* End PBXNativeTarget section */

/* Begin PBXProject section */
		29B97313FDCFA39411CA2CEA /* Project object */ = {
			isa = PBXProject;
			attributes = {
				LastUpgradeCheck = 0610;
				TargetAttributes = {
					55D281C61AE05F8C008EC63A = {
						CreatedOnToolsVersion = 6.3;
					};
					55D281D51AE05F8C008EC63A = {
						CreatedOnToolsVersion = 6.3;
						TestTargetID = 55D281C61AE05F8C008EC63A;
					};
				};
			};
			buildConfigurationList = C01FCF4E08A954540054247B /* Build configuration list for PBXProject "UKSoundFileRecorder" */;
			compatibilityVersion = "Xcode 3.2";
			developmentRegion = English;
			hasScannedForEncodings = 1;
			knownRegions = (
				en,
				English,
			);
			mainGroup = 29B97314FDCFA39411CA2CEA /* UKSoundRecorder */;
			projectDirPath = "";
			projectRoot = "";
			targets = (
				8D1107260486CEB800E47090 /* UKSoundRecorder */,
				55D281C61AE05F8C008EC63A /* UKSwiftSoundFileRecorder */,
				55D281D51AE05F8C008EC63A /* UKSwiftSoundFileRecorderTests */,
			);
		};
/* End PBXProject section */

/* Begin PBXResourcesBuildPhase section */
		55D281C51AE05F8C008EC63A /* Resources */ = {
			isa = PBXResourcesBuildPhase;
			buildActionMask = 2147483647;
			files = (
				55D281CE1AE05F8C008EC63A /* Images.xcassets in Resources */,
				55D281D11AE05F8C008EC63A /* MainMenu.xib in Resources */,
			);
			runOnlyForDeploymentPostprocessing = 0;
		};
		55D281D41AE05F8C008EC63A /* Resources */ = {
			isa = PBXResourcesBuildPhase;
			buildActionMask = 2147483647;
			files = (
			);
			runOnlyForDeploymentPostprocessing = 0;
		};
		8D1107290486CEB800E47090 /* Resources */ = {
			isa = PBXResourcesBuildPhase;
			buildActionMask = 2147483647;
			files = (
				8D11072B0486CEB800E47090 /* InfoPlist.strings in Resources */,
				5524E0F61AE0791600945DD5 /* MainMenu.xib in Resources */,
			);
			runOnlyForDeploymentPostprocessing = 0;
		};
/* End PBXResourcesBuildPhase section */

/* Begin PBXSourcesBuildPhase section */
		55D281C31AE05F8C008EC63A /* Sources */ = {
			isa = PBXSourcesBuildPhase;
			buildActionMask = 2147483647;
			files = (
				55D281CC1AE05F8C008EC63A /* AppDelegate.swift in Sources */,
				55D281E51AE05FA0008EC63A /* UKAudioStreamBasicDescription.m in Sources */,
				55D281E41AE05F99008EC63A /* UKSoundFileRecorder.m in Sources */,
			);
			runOnlyForDeploymentPostprocessing = 0;
		};
		55D281D21AE05F8C008EC63A /* Sources */ = {
			isa = PBXSourcesBuildPhase;
			buildActionMask = 2147483647;
			files = (
				55D281DD1AE05F8C008EC63A /* UKSwiftSoundFileRecorderTests.swift in Sources */,
			);
			runOnlyForDeploymentPostprocessing = 0;
		};
		8D11072C0486CEB800E47090 /* Sources */ = {
			isa = PBXSourcesBuildPhase;
			buildActionMask = 2147483647;
			files = (
				8D11072D0486CEB800E47090 /* main.m in Sources */,
				3D0CF7BE0C48D45300C9667A /* AppDelegate.m in Sources */,
				3D0CF7C70C48D46C00C9667A /* UKSoundFileRecorder.m in Sources */,
				3D0CF8C10C48ED2700C9667A /* UKAudioStreamBasicDescription.m in Sources */,
			);
			runOnlyForDeploymentPostprocessing = 0;
		};
/* End PBXSourcesBuildPhase section */

/* Begin PBXTargetDependency section */
		55D281D81AE05F8C008EC63A /* PBXTargetDependency */ = {
			isa = PBXTargetDependency;
			target = 55D281C61AE05F8C008EC63A /* UKSwiftSoundFileRecorder */;
			targetProxy = 55D281D71AE05F8C008EC63A /* PBXContainerItemProxy */;
		};
/* End PBXTargetDependency section */

/* Begin PBXVariantGroup section */
		089C165CFE840E0CC02AAC07 /* InfoPlist.strings */ = {
			isa = PBXVariantGroup;
			children = (
				089C165DFE840E0CC02AAC07 /* English */,
			);
			name = InfoPlist.strings;
			sourceTree = "<group>";
		};
		5524E0F41AE0791600945DD5 /* MainMenu.xib */ = {
			isa = PBXVariantGroup;
			children = (
				5524E0F51AE0791600945DD5 /* English */,
			);
			name = MainMenu.xib;
			sourceTree = "<group>";
		};
		55D281CF1AE05F8C008EC63A /* MainMenu.xib */ = {
			isa = PBXVariantGroup;
			children = (
				55D281EA1AE06597008EC63A /* en */,
			);
			name = MainMenu.xib;
			sourceTree = "<group>";
		};
/* End PBXVariantGroup section */

/* Begin XCBuildConfiguration section */
		55D281DF1AE05F8C008EC63A /* Debug */ = {
			isa = XCBuildConfiguration;
			buildSettings = {
				ALWAYS_SEARCH_USER_PATHS = NO;
				ASSETCATALOG_COMPILER_APPICON_NAME = AppIcon;
				CLANG_CXX_LANGUAGE_STANDARD = "gnu++0x";
				CLANG_CXX_LIBRARY = "libc++";
				CLANG_ENABLE_OBJC_ARC = YES;
				CLANG_WARN_BOOL_CONVERSION = YES;
				CLANG_WARN_CONSTANT_CONVERSION = YES;
				CLANG_WARN_DIRECT_OBJC_ISA_USAGE = YES_ERROR;
				CLANG_WARN_EMPTY_BODY = YES;
				CLANG_WARN_ENUM_CONVERSION = YES;
				CLANG_WARN_INT_CONVERSION = YES;
				CLANG_WARN_OBJC_ROOT_CLASS = YES_ERROR;
				CLANG_WARN_UNREACHABLE_CODE = YES;
				CLANG_WARN__DUPLICATE_METHOD_MATCH = YES;
				CODE_SIGN_IDENTITY = "-";
				COMBINE_HIDPI_IMAGES = YES;
				COPY_PHASE_STRIP = NO;
				ENABLE_STRICT_OBJC_MSGSEND = YES;
				GCC_C_LANGUAGE_STANDARD = gnu99;
				GCC_DYNAMIC_NO_PIC = NO;
				GCC_NO_COMMON_BLOCKS = YES;
				GCC_OPTIMIZATION_LEVEL = 0;
				GCC_PREPROCESSOR_DEFINITIONS = (
					"DEBUG=1",
					"$(inherited)",
				);
				GCC_SYMBOLS_PRIVATE_EXTERN = NO;
				GCC_WARN_64_TO_32_BIT_CONVERSION = YES;
				GCC_WARN_ABOUT_RETURN_TYPE = YES_ERROR;
				GCC_WARN_UNDECLARED_SELECTOR = YES;
				GCC_WARN_UNINITIALIZED_AUTOS = YES_AGGRESSIVE;
				GCC_WARN_UNUSED_FUNCTION = YES;
				INFOPLIST_FILE = UKSwiftSoundFileRecorder/Info.plist;
				LD_RUNPATH_SEARCH_PATHS = "$(inherited) @executable_path/../Frameworks";
				MACOSX_DEPLOYMENT_TARGET = 10.10;
				MTL_ENABLE_DEBUG_INFO = YES;
				PRODUCT_NAME = "$(TARGET_NAME)";
				SWIFT_OBJC_BRIDGING_HEADER = "UKSwiftSoundFileRecorder/UKSwiftSoundFileRecorder-Bridge.h";
				SWIFT_OPTIMIZATION_LEVEL = "-Onone";
			};
			name = Debug;
		};
		55D281E01AE05F8C008EC63A /* Release */ = {
			isa = XCBuildConfiguration;
			buildSettings = {
				ALWAYS_SEARCH_USER_PATHS = NO;
				ASSETCATALOG_COMPILER_APPICON_NAME = AppIcon;
				CLANG_CXX_LANGUAGE_STANDARD = "gnu++0x";
				CLANG_CXX_LIBRARY = "libc++";
				CLANG_ENABLE_OBJC_ARC = YES;
				CLANG_WARN_BOOL_CONVERSION = YES;
				CLANG_WARN_CONSTANT_CONVERSION = YES;
				CLANG_WARN_DIRECT_OBJC_ISA_USAGE = YES_ERROR;
				CLANG_WARN_EMPTY_BODY = YES;
				CLANG_WARN_ENUM_CONVERSION = YES;
				CLANG_WARN_INT_CONVERSION = YES;
				CLANG_WARN_OBJC_ROOT_CLASS = YES_ERROR;
				CLANG_WARN_UNREACHABLE_CODE = YES;
				CLANG_WARN__DUPLICATE_METHOD_MATCH = YES;
				CODE_SIGN_IDENTITY = "-";
				COMBINE_HIDPI_IMAGES = YES;
				COPY_PHASE_STRIP = NO;
				DEBUG_INFORMATION_FORMAT = "dwarf-with-dsym";
				ENABLE_NS_ASSERTIONS = NO;
				ENABLE_STRICT_OBJC_MSGSEND = YES;
				GCC_C_LANGUAGE_STANDARD = gnu99;
				GCC_NO_COMMON_BLOCKS = YES;
				GCC_WARN_64_TO_32_BIT_CONVERSION = YES;
				GCC_WARN_ABOUT_RETURN_TYPE = YES_ERROR;
				GCC_WARN_UNDECLARED_SELECTOR = YES;
				GCC_WARN_UNINITIALIZED_AUTOS = YES_AGGRESSIVE;
				GCC_WARN_UNUSED_FUNCTION = YES;
				INFOPLIST_FILE = UKSwiftSoundFileRecorder/Info.plist;
				LD_RUNPATH_SEARCH_PATHS = "$(inherited) @executable_path/../Frameworks";
				MACOSX_DEPLOYMENT_TARGET = 10.10;
				MTL_ENABLE_DEBUG_INFO = NO;
				PRODUCT_NAME = "$(TARGET_NAME)";
				SWIFT_OBJC_BRIDGING_HEADER = "UKSwiftSoundFileRecorder/UKSwiftSoundFileRecorder-Bridge.h";
			};
			name = Release;
		};
		55D281E21AE05F8C008EC63A /* Debug */ = {
			isa = XCBuildConfiguration;
			buildSettings = {
				ALWAYS_SEARCH_USER_PATHS = NO;
				BUNDLE_LOADER = "$(TEST_HOST)";
				CLANG_CXX_LANGUAGE_STANDARD = "gnu++0x";
				CLANG_CXX_LIBRARY = "libc++";
				CLANG_ENABLE_OBJC_ARC = YES;
				CLANG_WARN_BOOL_CONVERSION = YES;
				CLANG_WARN_CONSTANT_CONVERSION = YES;
				CLANG_WARN_DIRECT_OBJC_ISA_USAGE = YES_ERROR;
				CLANG_WARN_EMPTY_BODY = YES;
				CLANG_WARN_ENUM_CONVERSION = YES;
				CLANG_WARN_INT_CONVERSION = YES;
				CLANG_WARN_OBJC_ROOT_CLASS = YES_ERROR;
				CLANG_WARN_UNREACHABLE_CODE = YES;
				CLANG_WARN__DUPLICATE_METHOD_MATCH = YES;
				COMBINE_HIDPI_IMAGES = YES;
				COPY_PHASE_STRIP = NO;
				ENABLE_STRICT_OBJC_MSGSEND = YES;
				FRAMEWORK_SEARCH_PATHS = (
					"$(DEVELOPER_FRAMEWORKS_DIR)",
					"$(inherited)",
				);
				GCC_C_LANGUAGE_STANDARD = gnu99;
				GCC_DYNAMIC_NO_PIC = NO;
				GCC_NO_COMMON_BLOCKS = YES;
				GCC_OPTIMIZATION_LEVEL = 0;
				GCC_PREPROCESSOR_DEFINITIONS = (
					"DEBUG=1",
					"$(inherited)",
				);
				GCC_SYMBOLS_PRIVATE_EXTERN = NO;
				GCC_WARN_64_TO_32_BIT_CONVERSION = YES;
				GCC_WARN_ABOUT_RETURN_TYPE = YES_ERROR;
				GCC_WARN_UNDECLARED_SELECTOR = YES;
				GCC_WARN_UNINITIALIZED_AUTOS = YES_AGGRESSIVE;
				GCC_WARN_UNUSED_FUNCTION = YES;
				INFOPLIST_FILE = UKSwiftSoundFileRecorderTests/Info.plist;
				LD_RUNPATH_SEARCH_PATHS = "$(inherited) @executable_path/../Frameworks @loader_path/../Frameworks";
				MACOSX_DEPLOYMENT_TARGET = 10.10;
				MTL_ENABLE_DEBUG_INFO = YES;
				PRODUCT_NAME = "$(TARGET_NAME)";
				TEST_HOST = "$(BUILT_PRODUCTS_DIR)/UKSwiftSoundFileRecorder.app/Contents/MacOS/UKSwiftSoundFileRecorder";
			};
			name = Debug;
		};
		55D281E31AE05F8C008EC63A /* Release */ = {
			isa = XCBuildConfiguration;
			buildSettings = {
				ALWAYS_SEARCH_USER_PATHS = NO;
				BUNDLE_LOADER = "$(TEST_HOST)";
				CLANG_CXX_LANGUAGE_STANDARD = "gnu++0x";
				CLANG_CXX_LIBRARY = "libc++";
				CLANG_ENABLE_OBJC_ARC = YES;
				CLANG_WARN_BOOL_CONVERSION = YES;
				CLANG_WARN_CONSTANT_CONVERSION = YES;
				CLANG_WARN_DIRECT_OBJC_ISA_USAGE = YES_ERROR;
				CLANG_WARN_EMPTY_BODY = YES;
				CLANG_WARN_ENUM_CONVERSION = YES;
				CLANG_WARN_INT_CONVERSION = YES;
				CLANG_WARN_OBJC_ROOT_CLASS = YES_ERROR;
				CLANG_WARN_UNREACHABLE_CODE = YES;
				CLANG_WARN__DUPLICATE_METHOD_MATCH = YES;
				COMBINE_HIDPI_IMAGES = YES;
				COPY_PHASE_STRIP = NO;
				DEBUG_INFORMATION_FORMAT = "dwarf-with-dsym";
				ENABLE_NS_ASSERTIONS = NO;
				ENABLE_STRICT_OBJC_MSGSEND = YES;
				FRAMEWORK_SEARCH_PATHS = (
					"$(DEVELOPER_FRAMEWORKS_DIR)",
					"$(inherited)",
				);
				GCC_C_LANGUAGE_STANDARD = gnu99;
				GCC_NO_COMMON_BLOCKS = YES;
				GCC_WARN_64_TO_32_BIT_CONVERSION = YES;
				GCC_WARN_ABOUT_RETURN_TYPE = YES_ERROR;
				GCC_WARN_UNDECLARED_SELECTOR = YES;
				GCC_WARN_UNINITIALIZED_AUTOS = YES_AGGRESSIVE;
				GCC_WARN_UNUSED_FUNCTION = YES;
				INFOPLIST_FILE = UKSwiftSoundFileRecorderTests/Info.plist;
				LD_RUNPATH_SEARCH_PATHS = "$(inherited) @executable_path/../Frameworks @loader_path/../Frameworks";
				MACOSX_DEPLOYMENT_TARGET = 10.10;
				MTL_ENABLE_DEBUG_INFO = NO;
				PRODUCT_NAME = "$(TARGET_NAME)";
				TEST_HOST = "$(BUILT_PRODUCTS_DIR)/UKSwiftSoundFileRecorder.app/Contents/MacOS/UKSwiftSoundFileRecorder";
			};
			name = Release;
		};
		C01FCF4B08A954540054247B /* Debug */ = {
			isa = XCBuildConfiguration;
			buildSettings = {
				CLANG_ENABLE_OBJC_ARC = YES;
				COMBINE_HIDPI_IMAGES = YES;
				COPY_PHASE_STRIP = NO;
				GCC_DYNAMIC_NO_PIC = NO;
				GCC_ENABLE_FIX_AND_CONTINUE = YES;
				GCC_OPTIMIZATION_LEVEL = 0;
				INFOPLIST_FILE = Info.plist;
				INSTALL_PATH = "$(HOME)/Applications";
				PRODUCT_NAME = UKSoundRecorder;
				WRAPPER_EXTENSION = app;
			};
			name = Debug;
		};
		C01FCF4C08A954540054247B /* Release */ = {
			isa = XCBuildConfiguration;
			buildSettings = {
				CLANG_ENABLE_OBJC_ARC = YES;
				COMBINE_HIDPI_IMAGES = YES;
				GCC_GENERATE_DEBUGGING_SYMBOLS = NO;
				INFOPLIST_FILE = Info.plist;
				INSTALL_PATH = "$(HOME)/Applications";
				PRODUCT_NAME = UKSoundRecorder;
				WRAPPER_EXTENSION = app;
			};
			name = Release;
		};
		C01FCF4F08A954540054247B /* Debug */ = {
			isa = XCBuildConfiguration;
			buildSettings = {
				CLANG_ENABLE_MODULES = YES;
				CLANG_WARN_BOOL_CONVERSION = YES;
				CLANG_WARN_CONSTANT_CONVERSION = YES;
				CLANG_WARN_DIRECT_OBJC_ISA_USAGE = YES_ERROR;
				CLANG_WARN_EMPTY_BODY = YES;
				CLANG_WARN_ENUM_CONVERSION = YES;
				CLANG_WARN_INT_CONVERSION = YES;
				CLANG_WARN_OBJC_ROOT_CLASS = YES_ERROR;
				CLANG_WARN_UNREACHABLE_CODE = YES;
				CLANG_WARN__DUPLICATE_METHOD_MATCH = YES;
				COMBINE_HIDPI_IMAGES = YES;
				COPY_PHASE_STRIP = NO;
				DEBUG_INFORMATION_FORMAT = dwarf;
				ENABLE_NS_ASSERTIONS = YES;
				GCC_ENABLE_OBJC_EXCEPTIONS = YES;
				GCC_GENERATE_DEBUGGING_SYMBOLS = YES;
				GCC_OPTIMIZATION_LEVEL = 0;
				GCC_WARN_64_TO_32_BIT_CONVERSION = YES;
				GCC_WARN_ABOUT_MISSING_NEWLINE = YES;
				GCC_WARN_ABOUT_RETURN_TYPE = YES_ERROR;
				GCC_WARN_UNDECLARED_SELECTOR = YES;
				GCC_WARN_UNINITIALIZED_AUTOS = YES_AGGRESSIVE;
				GCC_WARN_UNKNOWN_PRAGMAS = YES;
				GCC_WARN_UNUSED_FUNCTION = YES;
				GCC_WARN_UNUSED_VARIABLE = YES;
				MACOSX_DEPLOYMENT_TARGET = 10.7;
				ONLY_ACTIVE_ARCH = YES;
				OTHER_SWIFT_FLAGS = "-DDEBUG $(inherited)";
				SDKROOT = macosx;
				STRIP_INSTALLED_PRODUCT = NO;
				SWIFT_OPTIMIZATION_LEVEL = "-Onone";
			};
			name = Debug;
		};
		C01FCF5008A954540054247B /* Release */ = {
			isa = XCBuildConfiguration;
			buildSettings = {
				CLANG_ENABLE_MODULES = YES;
				CLANG_WARN_BOOL_CONVERSION = YES;
				CLANG_WARN_CONSTANT_CONVERSION = YES;
				CLANG_WARN_DIRECT_OBJC_ISA_USAGE = YES_ERROR;
				CLANG_WARN_EMPTY_BODY = YES;
				CLANG_WARN_ENUM_CONVERSION = YES;
				CLANG_WARN_INT_CONVERSION = YES;
				CLANG_WARN_OBJC_ROOT_CLASS = YES_ERROR;
				CLANG_WARN_UNREACHABLE_CODE = YES;
				CLANG_WARN__DUPLICATE_METHOD_MATCH = YES;
				COMBINE_HIDPI_IMAGES = YES;
				COPY_PHASE_STRIP = YES;
				DEBUG_INFORMATION_FORMAT = "dwarf-with-dsym";
				ENABLE_NS_ASSERTIONS = NO;
				GCC_ENABLE_OBJC_EXCEPTIONS = YES;
				GCC_GENERATE_DEBUGGING_SYMBOLS = YES;
				GCC_WARN_64_TO_32_BIT_CONVERSION = YES;
				GCC_WARN_ABOUT_MISSING_NEWLINE = YES;
				GCC_WARN_ABOUT_RETURN_TYPE = YES_ERROR;
				GCC_WARN_UNDECLARED_SELECTOR = YES;
				GCC_WARN_UNINITIALIZED_AUTOS = YES_AGGRESSIVE;
				GCC_WARN_UNKNOWN_PRAGMAS = YES;
				GCC_WARN_UNUSED_FUNCTION = YES;
				GCC_WARN_UNUSED_VARIABLE = YES;
				MACOSX_DEPLOYMENT_TARGET = 10.7;
				OTHER_SWIFT_FLAGS = "$(inherited)";
				SDKROOT = macosx;
			};
			name = Release;
		};
/* End XCBuildConfiguration section */

/* Begin XCConfigurationList section */
		55D281DE1AE05F8C008EC63A /* Build configuration list for PBXNativeTarget "UKSwiftSoundFileRecorder" */ = {
			isa = XCConfigurationList;
			buildConfigurations = (
				55D281DF1AE05F8C008EC63A /* Debug */,
				55D281E01AE05F8C008EC63A /* Release */,
			);
			defaultConfigurationIsVisible = 0;
			defaultConfigurationName = Release;
		};
		55D281E11AE05F8C008EC63A /* Build configuration list for PBXNativeTarget "UKSwiftSoundFileRecorderTests" */ = {
			isa = XCConfigurationList;
			buildConfigurations = (
				55D281E21AE05F8C008EC63A /* Debug */,
				55D281E31AE05F8C008EC63A /* Release */,
			);
			defaultConfigurationIsVisible = 0;
			defaultConfigurationName = Release;
		};
		C01FCF4A08A954540054247B /* Build configuration list for PBXNativeTarget "UKSoundRecorder" */ = {
			isa = XCConfigurationList;
			buildConfigurations = (
				C01FCF4B08A954540054247B /* Debug */,
				C01FCF4C08A954540054247B /* Release */,
			);
			defaultConfigurationIsVisible = 0;
			defaultConfigurationName = Release;
		};
		C01FCF4E08A954540054247B /* Build configuration list for PBXProject "UKSoundFileRecorder" */ = {
			isa = XCConfigurationList;
			buildConfigurations = (
				C01FCF4F08A954540054247B /* Debug */,
				C01FCF5008A954540054247B /* Release */,
			);
			defaultConfigurationIsVisible = 0;
			defaultConfigurationName = Release;
		};
/* End XCConfigurationList section */
	};
	rootObject = 29B97313FDCFA39411CA2CEA /* Project object */;
}
